
Microsoft Visual Studio Solution File, Format Version 12.00
# Visual Studio Version 16
VisualStudioVersion = 16.0.31702.278
MinimumVisualStudioVersion = 10.0.40219.1
Project("{9A19103F-16F7-4668-BE54-9A1E7A4F7556}") = "Waffler.Service", "Waffler.Service\Waffler.Service.csproj", "{2BA8BF5E-0A21-4D2A-A188-E8294F71C9E3}"
EndProject
Project("{9A19103F-16F7-4668-BE54-9A1E7A4F7556}") = "Waffler.Data", "Waffler.Data\Waffler.Data.csproj", "{8C66C7FB-57F4-4766-B8E4-C63E36E5D55C}"
EndProject
Project("{9A19103F-16F7-4668-BE54-9A1E7A4F7556}") = "Waffler.Domain", "Waffler.Domain\Waffler.Domain.csproj", "{3EE6879D-E3C8-4031-9861-F8D0D6280271}"
EndProject
Project("{9A19103F-16F7-4668-BE54-9A1E7A4F7556}") = "Waffler.Common", "Waffler.Common\Waffler.Common.csproj", "{750EF19A-E8F3-4432-AD5A-567F4F0C40CD}"
EndProject
Project("{9A19103F-16F7-4668-BE54-9A1E7A4F7556}") = "Waffler.Web", "Waffler.Web\Waffler.Web.csproj", "{163883AA-D189-4D22-AFC4-493CA5AD4605}"
EndProject
Project("{9A19103F-16F7-4668-BE54-9A1E7A4F7556}") = "Waffler.API", "Waffler.API\Waffler.API.csproj", "{6AB40EE5-8B46-4084-8991-99A1CA4F60A5}"
EndProject
Project("{9A19103F-16F7-4668-BE54-9A1E7A4F7556}") = "Waffler.Test", "Waffler.Test\Waffler.Test.csproj", "{7CEBAD78-5E00-423F-AEF6-4E59220C8701}"
EndProject
Project("{2150E333-8FDC-42A3-9474-1A3956D46DE8}") = "Waffler.TradeRules", "Waffler.TradeRules", "{7CE82509-7C95-4D15-99E6-D71D67BEA38B}"
	ProjectSection(SolutionItems) = preProject
		Waffler.TradeRules\Buy big dip.json = Waffler.TradeRules\Buy big dip.json
		Waffler.TradeRules\Buy small dip.json = Waffler.TradeRules\Buy small dip.json
		Waffler.TradeRules\Buy weekly.json = Waffler.TradeRules\Buy weekly.json
	EndProjectSection
EndProject
Project("{2150E333-8FDC-42A3-9474-1A3956D46DE8}") = "Waffler.Docker", "Waffler.Docker", "{115DA70C-946C-4434-8BDD-F71B09AB6DF5}"
	ProjectSection(SolutionItems) = preProject
		docker-compose.arm64.yml = docker-compose.arm64.yml
		docker-compose.gh.arm64.yml = docker-compose.gh.arm64.yml
		docker-compose.gh.yml = docker-compose.gh.yml
		docker-compose.yml = docker-compose.yml
		waffler-upgrade.sh = waffler-upgrade.sh
	EndProjectSection
EndProject
Global
	GlobalSection(SolutionConfigurationPlatforms) = preSolution
		Debug|Any CPU = Debug|Any CPU
		Release|Any CPU = Release|Any CPU
	EndGlobalSection
	GlobalSection(ProjectConfigurationPlatforms) = postSolution
		{2BA8BF5E-0A21-4D2A-A188-E8294F71C9E3}.Debug|Any CPU.ActiveCfg = Debug|Any CPU
		{2BA8BF5E-0A21-4D2A-A188-E8294F71C9E3}.Debug|Any CPU.Build.0 = Debug|Any CPU
		{2BA8BF5E-0A21-4D2A-A188-E8294F71C9E3}.Release|Any CPU.ActiveCfg = Release|Any CPU
		{2BA8BF5E-0A21-4D2A-A188-E8294F71C9E3}.Release|Any CPU.Build.0 = Release|Any CPU
		{8C66C7FB-57F4-4766-B8E4-C63E36E5D55C}.Debug|Any CPU.ActiveCfg = Debug|Any CPU
		{8C66C7FB-57F4-4766-B8E4-C63E36E5D55C}.Debug|Any CPU.Build.0 = Debug|Any CPU
		{8C66C7FB-57F4-4766-B8E4-C63E36E5D55C}.Release|Any CPU.ActiveCfg = Release|Any CPU
		{8C66C7FB-57F4-4766-B8E4-C63E36E5D55C}.Release|Any CPU.Build.0 = Release|Any CPU
		{3EE6879D-E3C8-4031-9861-F8D0D6280271}.Debug|Any CPU.ActiveCfg = Debug|Any CPU
		{3EE6879D-E3C8-4031-9861-F8D0D6280271}.Debug|Any CPU.Build.0 = Debug|Any CPU
		{3EE6879D-E3C8-4031-9861-F8D0D6280271}.Release|Any CPU.ActiveCfg = Release|Any CPU
		{3EE6879D-E3C8-4031-9861-F8D0D6280271}.Release|Any CPU.Build.0 = Release|Any CPU
		{750EF19A-E8F3-4432-AD5A-567F4F0C40CD}.Debug|Any CPU.ActiveCfg = Debug|Any CPU
		{750EF19A-E8F3-4432-AD5A-567F4F0C40CD}.Debug|Any CPU.Build.0 = Debug|Any CPU
		{750EF19A-E8F3-4432-AD5A-567F4F0C40CD}.Release|Any CPU.ActiveCfg = Release|Any CPU
		{750EF19A-E8F3-4432-AD5A-567F4F0C40CD}.Release|Any CPU.Build.0 = Release|Any CPU
		{163883AA-D189-4D22-AFC4-493CA5AD4605}.Debug|Any CPU.ActiveCfg = Debug|Any CPU
		{163883AA-D189-4D22-AFC4-493CA5AD4605}.Debug|Any CPU.Build.0 = Debug|Any CPU
		{163883AA-D189-4D22-AFC4-493CA5AD4605}.Release|Any CPU.ActiveCfg = Release|Any CPU
		{163883AA-D189-4D22-AFC4-493CA5AD4605}.Release|Any CPU.Build.0 = Release|Any CPU
		{6AB40EE5-8B46-4084-8991-99A1CA4F60A5}.Debug|Any CPU.ActiveCfg = Debug|Any CPU
		{6AB40EE5-8B46-4084-8991-99A1CA4F60A5}.Debug|Any CPU.Build.0 = Debug|Any CPU
		{6AB40EE5-8B46-4084-8991-99A1CA4F60A5}.Release|Any CPU.ActiveCfg = Release|Any CPU
		{6AB40EE5-8B46-4084-8991-99A1CA4F60A5}.Release|Any CPU.Build.0 = Release|Any CPU
		{7CEBAD78-5E00-423F-AEF6-4E59220C8701}.Debug|Any CPU.ActiveCfg = Debug|Any CPU
		{7CEBAD78-5E00-423F-AEF6-4E59220C8701}.Debug|Any CPU.Build.0 = Debug|Any CPU
		{7CEBAD78-5E00-423F-AEF6-4E59220C8701}.Release|Any CPU.ActiveCfg = Release|Any CPU
		{7CEBAD78-5E00-423F-AEF6-4E59220C8701}.Release|Any CPU.Build.0 = Release|Any CPU
	EndGlobalSection
	GlobalSection(SolutionProperties) = preSolution
		HideSolutionNode = FALSE
	EndGlobalSection
	GlobalSection(ExtensibilityGlobals) = postSolution
		SolutionGuid = {03CB7460-26F5-4C22-A5BC-02EB592C60CA}
	EndGlobalSection
EndGlobal
